
Microsoft Visual Studio Solution File, Format Version 12.00
# Visual Studio Version 17
VisualStudioVersion = 17.9.34310.174
MinimumVisualStudioVersion = 10.0.40219.1
Project("{FAE04EC0-301F-11D3-BF4B-00C04F79EFBC}") = "AoC_2023", "AoC_2023\AoC_2023.csproj", "{0F42D05B-3C32-468D-9A5B-EE51B766ABBD}"
EndProject
Global
	GlobalSection(SolutionConfigurationPlatforms) = preSolution
		Debug|Any CPU = Debug|Any CPU
		Release|Any CPU = Release|Any CPU
	EndGlobalSection
	GlobalSection(ProjectConfigurationPlatforms) = postSolution
		{0F42D05B-3C32-468D-9A5B-EE51B766ABBD}.Debug|Any CPU.ActiveCfg = Debug|Any CPU
		{0F42D05B-3C32-468D-9A5B-EE51B766ABBD}.Debug|Any CPU.Build.0 = Debug|Any CPU
		{0F42D05B-3C32-468D-9A5B-EE51B766ABBD}.Release|Any CPU.ActiveCfg = Release|Any CPU
		{0F42D05B-3C32-468D-9A5B-EE51B766ABBD}.Release|Any CPU.Build.0 = Release|Any CPU
	EndGlobalSection
	GlobalSection(SolutionProperties) = preSolution
		HideSolutionNode = FALSE
	EndGlobalSection
	GlobalSection(ExtensibilityGlobals) = postSolution
		SolutionGuid = {90089895-586D-43FC-B39C-61E498A6C88F}
	EndGlobalSection
EndGlobal
